
Microsoft Visual Studio Solution File, Format Version 12.00
# Visual Studio 14
VisualStudioVersion = 14.0.24720.0
MinimumVisualStudioVersion = 10.0.40219.1
Project("{FAE04EC0-301F-11D3-BF4B-00C04F79EFBC}") = "Widgets", "Widgets\Widgets.csproj", "{33C3A598-CC33-4115-80E7-ED8EF35312B6}"
EndProject
Project("{FAE04EC0-301F-11D3-BF4B-00C04F79EFBC}") = "Widgets.Tests", "Widgets.Tests\Widgets.Tests.csproj", "{ABA0C6CC-6A8A-4EEE-9D53-E6A08801DC6B}"
EndProject
Project("{FAE04EC0-301F-11D3-BF4B-00C04F79EFBC}") = "Gnosis.Data", "Gnosis.Data\Gnosis.Data.csproj", "{0591E9D2-4F40-42C7-B0E1-F852C3E711B0}"
EndProject
Project("{FAE04EC0-301F-11D3-BF4B-00C04F79EFBC}") = "Gnosis.Entities", "Gnosis.Entities\Gnosis.Entities.csproj", "{645FE784-EBC7-44D5-A977-78CEB8CD5B45}"
EndProject
Project("{2150E333-8FDC-42A3-9474-1A3956D46DE8}") = "Tests", "Tests", "{96145C72-8211-4C3B-A953-E6F9A2ACEED4}"
EndProject
Project("{FAE04EC0-301F-11D3-BF4B-00C04F79EFBC}") = "Gnosis.Entities.Tests", "Gnosis.Entities.Tests\Gnosis.Entities.Tests.csproj", "{E30F2988-E075-46E0-A119-CD5DA70F1643}"
EndProject
Project("{FAE04EC0-301F-11D3-BF4B-00C04F79EFBC}") = "Gnosis", "Gnosis\Gnosis.csproj", "{C51C803E-BA14-410E-8627-2FAA6C3FE178}"
EndProject
Project("{FAE04EC0-301F-11D3-BF4B-00C04F79EFBC}") = "Gnosis.Testing", "Gnosis.Testing\Gnosis.Testing.csproj", "{BDA30A5C-8B2A-495F-A7B1-0E218908B3ED}"
EndProject
Project("{FAE04EC0-301F-11D3-BF4B-00C04F79EFBC}") = "Fruits", "Fruits\Fruits.csproj", "{AFBFD315-F74E-4165-9D07-E4B776AE7B69}"
EndProject
Project("{FAE04EC0-301F-11D3-BF4B-00C04F79EFBC}") = "Fruits.Tests", "Fruits.Tests\Fruits.Tests.csproj", "{ECF37ED9-C641-4FEA-A975-B8A9C4830999}"
EndProject
Project("{FAE04EC0-301F-11D3-BF4B-00C04F79EFBC}") = "Nodes", "Nodes\Nodes.csproj", "{50644854-D086-447A-98A4-BD9E069588CC}"
EndProject
Project("{FAE04EC0-301F-11D3-BF4B-00C04F79EFBC}") = "Nodes.Tests", "Nodes.Tests\Nodes.Tests.csproj", "{8D7D7F0A-EA05-47E9-8BA7-62732521C44D}"
EndProject
Project("{FAE04EC0-301F-11D3-BF4B-00C04F79EFBC}") = "People", "People\People.csproj", "{18B24F5E-4AC5-4B42-BA5C-572791304CC6}"
EndProject
Project("{FAE04EC0-301F-11D3-BF4B-00C04F79EFBC}") = "People.Tests", "People.Tests\People.Tests.csproj", "{53EC7E2E-32B0-497D-A89D-0A89F828BD5E}"
EndProject
Project("{FAE04EC0-301F-11D3-BF4B-00C04F79EFBC}") = "Gnosis.Tests", "Gnosis.Tests\Gnosis.Tests.csproj", "{E88E8CBA-CBE3-4326-9C09-78572B429BEE}"
EndProject
Global
	GlobalSection(SolutionConfigurationPlatforms) = preSolution
		Debug|Any CPU = Debug|Any CPU
		Release|Any CPU = Release|Any CPU
	EndGlobalSection
	GlobalSection(ProjectConfigurationPlatforms) = postSolution
		{33C3A598-CC33-4115-80E7-ED8EF35312B6}.Debug|Any CPU.ActiveCfg = Debug|Any CPU
		{33C3A598-CC33-4115-80E7-ED8EF35312B6}.Debug|Any CPU.Build.0 = Debug|Any CPU
		{33C3A598-CC33-4115-80E7-ED8EF35312B6}.Release|Any CPU.ActiveCfg = Release|Any CPU
		{33C3A598-CC33-4115-80E7-ED8EF35312B6}.Release|Any CPU.Build.0 = Release|Any CPU
		{ABA0C6CC-6A8A-4EEE-9D53-E6A08801DC6B}.Debug|Any CPU.ActiveCfg = Debug|Any CPU
		{ABA0C6CC-6A8A-4EEE-9D53-E6A08801DC6B}.Debug|Any CPU.Build.0 = Debug|Any CPU
		{ABA0C6CC-6A8A-4EEE-9D53-E6A08801DC6B}.Release|Any CPU.ActiveCfg = Release|Any CPU
		{ABA0C6CC-6A8A-4EEE-9D53-E6A08801DC6B}.Release|Any CPU.Build.0 = Release|Any CPU
		{0591E9D2-4F40-42C7-B0E1-F852C3E711B0}.Debug|Any CPU.ActiveCfg = Debug|Any CPU
		{0591E9D2-4F40-42C7-B0E1-F852C3E711B0}.Debug|Any CPU.Build.0 = Debug|Any CPU
		{0591E9D2-4F40-42C7-B0E1-F852C3E711B0}.Release|Any CPU.ActiveCfg = Release|Any CPU
		{0591E9D2-4F40-42C7-B0E1-F852C3E711B0}.Release|Any CPU.Build.0 = Release|Any CPU
		{645FE784-EBC7-44D5-A977-78CEB8CD5B45}.Debug|Any CPU.ActiveCfg = Debug|Any CPU
		{645FE784-EBC7-44D5-A977-78CEB8CD5B45}.Debug|Any CPU.Build.0 = Debug|Any CPU
		{645FE784-EBC7-44D5-A977-78CEB8CD5B45}.Release|Any CPU.ActiveCfg = Release|Any CPU
		{645FE784-EBC7-44D5-A977-78CEB8CD5B45}.Release|Any CPU.Build.0 = Release|Any CPU
		{E30F2988-E075-46E0-A119-CD5DA70F1643}.Debug|Any CPU.ActiveCfg = Debug|Any CPU
		{E30F2988-E075-46E0-A119-CD5DA70F1643}.Debug|Any CPU.Build.0 = Debug|Any CPU
		{E30F2988-E075-46E0-A119-CD5DA70F1643}.Release|Any CPU.ActiveCfg = Release|Any CPU
		{E30F2988-E075-46E0-A119-CD5DA70F1643}.Release|Any CPU.Build.0 = Release|Any CPU
		{C51C803E-BA14-410E-8627-2FAA6C3FE178}.Debug|Any CPU.ActiveCfg = Debug|Any CPU
		{C51C803E-BA14-410E-8627-2FAA6C3FE178}.Debug|Any CPU.Build.0 = Debug|Any CPU
		{C51C803E-BA14-410E-8627-2FAA6C3FE178}.Release|Any CPU.ActiveCfg = Release|Any CPU
		{C51C803E-BA14-410E-8627-2FAA6C3FE178}.Release|Any CPU.Build.0 = Release|Any CPU
		{BDA30A5C-8B2A-495F-A7B1-0E218908B3ED}.Debug|Any CPU.ActiveCfg = Debug|Any CPU
		{BDA30A5C-8B2A-495F-A7B1-0E218908B3ED}.Debug|Any CPU.Build.0 = Debug|Any CPU
		{BDA30A5C-8B2A-495F-A7B1-0E218908B3ED}.Release|Any CPU.ActiveCfg = Release|Any CPU
		{BDA30A5C-8B2A-495F-A7B1-0E218908B3ED}.Release|Any CPU.Build.0 = Release|Any CPU
		{AFBFD315-F74E-4165-9D07-E4B776AE7B69}.Debug|Any CPU.ActiveCfg = Debug|Any CPU
		{AFBFD315-F74E-4165-9D07-E4B776AE7B69}.Debug|Any CPU.Build.0 = Debug|Any CPU
		{AFBFD315-F74E-4165-9D07-E4B776AE7B69}.Release|Any CPU.ActiveCfg = Release|Any CPU
		{AFBFD315-F74E-4165-9D07-E4B776AE7B69}.Release|Any CPU.Build.0 = Release|Any CPU
		{ECF37ED9-C641-4FEA-A975-B8A9C4830999}.Debug|Any CPU.ActiveCfg = Debug|Any CPU
		{ECF37ED9-C641-4FEA-A975-B8A9C4830999}.Debug|Any CPU.Build.0 = Debug|Any CPU
		{ECF37ED9-C641-4FEA-A975-B8A9C4830999}.Release|Any CPU.ActiveCfg = Release|Any CPU
		{ECF37ED9-C641-4FEA-A975-B8A9C4830999}.Release|Any CPU.Build.0 = Release|Any CPU
		{50644854-D086-447A-98A4-BD9E069588CC}.Debug|Any CPU.ActiveCfg = Debug|Any CPU
		{50644854-D086-447A-98A4-BD9E069588CC}.Debug|Any CPU.Build.0 = Debug|Any CPU
		{50644854-D086-447A-98A4-BD9E069588CC}.Release|Any CPU.ActiveCfg = Release|Any CPU
		{50644854-D086-447A-98A4-BD9E069588CC}.Release|Any CPU.Build.0 = Release|Any CPU
		{8D7D7F0A-EA05-47E9-8BA7-62732521C44D}.Debug|Any CPU.ActiveCfg = Debug|Any CPU
		{8D7D7F0A-EA05-47E9-8BA7-62732521C44D}.Debug|Any CPU.Build.0 = Debug|Any CPU
		{8D7D7F0A-EA05-47E9-8BA7-62732521C44D}.Release|Any CPU.ActiveCfg = Release|Any CPU
		{8D7D7F0A-EA05-47E9-8BA7-62732521C44D}.Release|Any CPU.Build.0 = Release|Any CPU
		{18B24F5E-4AC5-4B42-BA5C-572791304CC6}.Debug|Any CPU.ActiveCfg = Debug|Any CPU
		{18B24F5E-4AC5-4B42-BA5C-572791304CC6}.Debug|Any CPU.Build.0 = Debug|Any CPU
		{18B24F5E-4AC5-4B42-BA5C-572791304CC6}.Release|Any CPU.ActiveCfg = Release|Any CPU
		{18B24F5E-4AC5-4B42-BA5C-572791304CC6}.Release|Any CPU.Build.0 = Release|Any CPU
		{53EC7E2E-32B0-497D-A89D-0A89F828BD5E}.Debug|Any CPU.ActiveCfg = Debug|Any CPU
		{53EC7E2E-32B0-497D-A89D-0A89F828BD5E}.Debug|Any CPU.Build.0 = Debug|Any CPU
		{53EC7E2E-32B0-497D-A89D-0A89F828BD5E}.Release|Any CPU.ActiveCfg = Release|Any CPU
		{53EC7E2E-32B0-497D-A89D-0A89F828BD5E}.Release|Any CPU.Build.0 = Release|Any CPU
		{E88E8CBA-CBE3-4326-9C09-78572B429BEE}.Debug|Any CPU.ActiveCfg = Debug|Any CPU
		{E88E8CBA-CBE3-4326-9C09-78572B429BEE}.Debug|Any CPU.Build.0 = Debug|Any CPU
		{E88E8CBA-CBE3-4326-9C09-78572B429BEE}.Release|Any CPU.ActiveCfg = Release|Any CPU
		{E88E8CBA-CBE3-4326-9C09-78572B429BEE}.Release|Any CPU.Build.0 = Release|Any CPU
	EndGlobalSection
	GlobalSection(SolutionProperties) = preSolution
		HideSolutionNode = FALSE
	EndGlobalSection
	GlobalSection(NestedProjects) = preSolution
		{ABA0C6CC-6A8A-4EEE-9D53-E6A08801DC6B} = {96145C72-8211-4C3B-A953-E6F9A2ACEED4}
		{E30F2988-E075-46E0-A119-CD5DA70F1643} = {96145C72-8211-4C3B-A953-E6F9A2ACEED4}
		{ECF37ED9-C641-4FEA-A975-B8A9C4830999} = {96145C72-8211-4C3B-A953-E6F9A2ACEED4}
		{8D7D7F0A-EA05-47E9-8BA7-62732521C44D} = {96145C72-8211-4C3B-A953-E6F9A2ACEED4}
		{53EC7E2E-32B0-497D-A89D-0A89F828BD5E} = {96145C72-8211-4C3B-A953-E6F9A2ACEED4}
		{E88E8CBA-CBE3-4326-9C09-78572B429BEE} = {96145C72-8211-4C3B-A953-E6F9A2ACEED4}
	EndGlobalSection
EndGlobal
